
Microsoft Visual Studio Solution File, Format Version 12.00
# Visual Studio Version 17
VisualStudioVersion = 17.7.34009.444
MinimumVisualStudioVersion = 10.0.40219.1
Project("{FAE04EC0-301F-11D3-BF4B-00C04F79EFBC}") = "webapi.inlock.codeFirst.tarde", "webapi.inlock.codeFirst.tarde.csproj", "{EF334AEB-EACF-42FE-B4BD-103CB5CC9712}"
EndProject
Global
	GlobalSection(SolutionConfigurationPlatforms) = preSolution
		Debug|Any CPU = Debug|Any CPU
		Release|Any CPU = Release|Any CPU
	EndGlobalSection
	GlobalSection(ProjectConfigurationPlatforms) = postSolution
		{EF334AEB-EACF-42FE-B4BD-103CB5CC9712}.Debug|Any CPU.ActiveCfg = Debug|Any CPU
		{EF334AEB-EACF-42FE-B4BD-103CB5CC9712}.Debug|Any CPU.Build.0 = Debug|Any CPU
		{EF334AEB-EACF-42FE-B4BD-103CB5CC9712}.Release|Any CPU.ActiveCfg = Release|Any CPU
		{EF334AEB-EACF-42FE-B4BD-103CB5CC9712}.Release|Any CPU.Build.0 = Release|Any CPU
	EndGlobalSection
	GlobalSection(SolutionProperties) = preSolution
		HideSolutionNode = FALSE
	EndGlobalSection
	GlobalSection(ExtensibilityGlobals) = postSolution
		SolutionGuid = {CC6BFDAE-27C8-4ED4-9695-929B084CEAA2}
	EndGlobalSection
EndGlobal
