
Microsoft Visual Studio Solution File, Format Version 12.00
# Visual Studio Version 17
VisualStudioVersion = 17.6.33815.320
MinimumVisualStudioVersion = 10.0.40219.1
Project("{FAE04EC0-301F-11D3-BF4B-00C04F79EFBC}") = "webapi.filmes.tarde", "webapi.filmes.tarde.csproj", "{750B2FAF-2DF1-4B42-A9BD-581722A2FC5F}"
EndProject
Global
	GlobalSection(SolutionConfigurationPlatforms) = preSolution
		Debug|Any CPU = Debug|Any CPU
		Release|Any CPU = Release|Any CPU
	EndGlobalSection
	GlobalSection(ProjectConfigurationPlatforms) = postSolution
		{750B2FAF-2DF1-4B42-A9BD-581722A2FC5F}.Debug|Any CPU.ActiveCfg = Debug|Any CPU
		{750B2FAF-2DF1-4B42-A9BD-581722A2FC5F}.Debug|Any CPU.Build.0 = Debug|Any CPU
		{750B2FAF-2DF1-4B42-A9BD-581722A2FC5F}.Release|Any CPU.ActiveCfg = Release|Any CPU
		{750B2FAF-2DF1-4B42-A9BD-581722A2FC5F}.Release|Any CPU.Build.0 = Release|Any CPU
	EndGlobalSection
	GlobalSection(SolutionProperties) = preSolution
		HideSolutionNode = FALSE
	EndGlobalSection
	GlobalSection(ExtensibilityGlobals) = postSolution
		SolutionGuid = {6927FD8C-171D-4B45-A205-E3983298025E}
	EndGlobalSection
EndGlobal
