
Microsoft Visual Studio Solution File, Format Version 12.00
# Visual Studio Version 17
VisualStudioVersion = 17.7.34009.444
MinimumVisualStudioVersion = 10.0.40219.1
Project("{FAE04EC0-301F-11D3-BF4B-00C04F79EFBC}") = "webapi.event+.tarde", "webapi.event+.tarde.csproj", "{15103CEA-673A-47BE-8A7A-9F1AEE0D8C3C}"
EndProject
Global
	GlobalSection(SolutionConfigurationPlatforms) = preSolution
		Debug|Any CPU = Debug|Any CPU
		Release|Any CPU = Release|Any CPU
	EndGlobalSection
	GlobalSection(ProjectConfigurationPlatforms) = postSolution
		{15103CEA-673A-47BE-8A7A-9F1AEE0D8C3C}.Debug|Any CPU.ActiveCfg = Debug|Any CPU
		{15103CEA-673A-47BE-8A7A-9F1AEE0D8C3C}.Debug|Any CPU.Build.0 = Debug|Any CPU
		{15103CEA-673A-47BE-8A7A-9F1AEE0D8C3C}.Release|Any CPU.ActiveCfg = Release|Any CPU
		{15103CEA-673A-47BE-8A7A-9F1AEE0D8C3C}.Release|Any CPU.Build.0 = Release|Any CPU
	EndGlobalSection
	GlobalSection(SolutionProperties) = preSolution
		HideSolutionNode = FALSE
	EndGlobalSection
	GlobalSection(ExtensibilityGlobals) = postSolution
		SolutionGuid = {CC6DA7C5-7338-4FA7-821B-3D41206E55DC}
	EndGlobalSection
EndGlobal
